
Microsoft Visual Studio Solution File, Format Version 12.00
# Visual Studio Version 16
VisualStudioVersion = 16.0.31702.278
MinimumVisualStudioVersion = 10.0.40219.1
Project("{9A19103F-16F7-4668-BE54-9A1E7A4F7556}") = "OrientacaoObjto", "OrientacaoObjto.csproj", "{91C7D282-DD6C-4929-B730-F44E53200759}"
EndProject
Global
	GlobalSection(SolutionConfigurationPlatforms) = preSolution
		Debug|Any CPU = Debug|Any CPU
		Release|Any CPU = Release|Any CPU
	EndGlobalSection
	GlobalSection(ProjectConfigurationPlatforms) = postSolution
		{91C7D282-DD6C-4929-B730-F44E53200759}.Debug|Any CPU.ActiveCfg = Debug|Any CPU
		{91C7D282-DD6C-4929-B730-F44E53200759}.Debug|Any CPU.Build.0 = Debug|Any CPU
		{91C7D282-DD6C-4929-B730-F44E53200759}.Release|Any CPU.ActiveCfg = Release|Any CPU
		{91C7D282-DD6C-4929-B730-F44E53200759}.Release|Any CPU.Build.0 = Release|Any CPU
	EndGlobalSection
	GlobalSection(SolutionProperties) = preSolution
		HideSolutionNode = FALSE
	EndGlobalSection
	GlobalSection(ExtensibilityGlobals) = postSolution
		SolutionGuid = {99DB3570-96B0-4656-92A6-A14554BF1B6D}
	EndGlobalSection
EndGlobal
